// !$*UTF8*$!
{
	archiveVersion = 1;
	classes = {
	};
	objectVersion = 77;
	objects = {

/* Begin PBXContainerItemProxy section */
		DBE918312D2AE3BA00144576 /* PBXContainerItemProxy */ = {
			isa = PBXContainerItemProxy;
			containerPortal = DBE918182D2AE3B900144576 /* Project object */;
			proxyType = 1;
			remoteGlobalIDString = DBE9181F2D2AE3B900144576;
			remoteInfo = DiceGame;
		};
		DBE9183B2D2AE3BA00144576 /* PBXContainerItemProxy */ = {
			isa = PBXContainerItemProxy;
			containerPortal = DBE918182D2AE3B900144576 /* Project object */;
			proxyType = 1;
			remoteGlobalIDString = DBE9181F2D2AE3B900144576;
			remoteInfo = DiceGame;
		};
/* End PBXContainerItemProxy section */

/* Begin PBXFileReference section */
		DBE918202D2AE3B900144576 /* DiceGame.app */ = {isa = PBXFileReference; explicitFileType = wrapper.application; includeInIndex = 0; path = DiceGame.app; sourceTree = BUILT_PRODUCTS_DIR; };
		DBE918302D2AE3BA00144576 /* DiceGameTests.xctest */ = {isa = PBXFileReference; explicitFileType = wrapper.cfbundle; includeInIndex = 0; path = DiceGameTests.xctest; sourceTree = BUILT_PRODUCTS_DIR; };
		DBE9183A2D2AE3BA00144576 /* DiceGameUITests.xctest */ = {isa = PBXFileReference; explicitFileType = wrapper.cfbundle; includeInIndex = 0; path = DiceGameUITests.xctest; sourceTree = BUILT_PRODUCTS_DIR; };
/* End PBXFileReference section */

/* Begin PBXFileSystemSynchronizedRootGroup section */
		DBE918222D2AE3B900144576 /* DiceGame */ = {
			isa = PBXFileSystemSynchronizedRootGroup;
			path = DiceGame;
			sourceTree = "<group>";
		};
		DBE918332D2AE3BA00144576 /* DiceGameTests */ = {
			isa = PBXFileSystemSynchronizedRootGroup;
			path = DiceGameTests;
			sourceTree = "<group>";
		};
		DBE9183D2D2AE3BA00144576 /* DiceGameUITests */ = {
			isa = PBXFileSystemSynchronizedRootGroup;
			path = DiceGameUITests;
			sourceTree = "<group>";
		};
/* End PBXFileSystemSynchronizedRootGroup section */

/* Begin PBXFrameworksBuildPhase section */
		DBE9181D2D2AE3B900144576 /* Frameworks */ = {
			isa = PBXFrameworksBuildPhase;
			buildActionMask = 2147483647;
			files = (
			);
			runOnlyForDeploymentPostprocessing = 0;
		};
		DBE9182D2D2AE3BA00144576 /* Frameworks */ = {
			isa = PBXFrameworksBuildPhase;
			buildActionMask = 2147483647;
			files = (
			);
			runOnlyForDeploymentPostprocessing = 0;
		};
		DBE918372D2AE3BA00144576 /* Frameworks */ = {
			isa = PBXFrameworksBuildPhase;
			buildActionMask = 2147483647;
			files = (
			);
			runOnlyForDeploymentPostprocessing = 0;
		};
/* End PBXFrameworksBuildPhase section */

/* Begin PBXGroup section */
		DBE918172D2AE3B900144576 = {
			isa = PBXGroup;
			children = (
				DBE918222D2AE3B900144576 /* DiceGame */,
				DBE918332D2AE3BA00144576 /* DiceGameTests */,
				DBE9183D2D2AE3BA00144576 /* DiceGameUITests */,
				DBE918212D2AE3B900144576 /* Products */,
			);
			sourceTree = "<group>";
		};
		DBE918212D2AE3B900144576 /* Products */ = {
			isa = PBXGroup;
			children = (
				DBE918202D2AE3B900144576 /* DiceGame.app */,
				DBE918302D2AE3BA00144576 /* DiceGameTests.xctest */,
				DBE9183A2D2AE3BA00144576 /* DiceGameUITests.xctest */,
			);
			name = Products;
			sourceTree = "<group>";
		};
/* End PBXGroup section */

/* Begin PBXNativeTarget section */
		DBE9181F2D2AE3B900144576 /* DiceGame */ = {
			isa = PBXNativeTarget;
			buildConfigurationList = DBE918442D2AE3BA00144576 /* Build configuration list for PBXNativeTarget "DiceGame" */;
			buildPhases = (
				DBE9181C2D2AE3B900144576 /* Sources */,
				DBE9181D2D2AE3B900144576 /* Frameworks */,
				DBE9181E2D2AE3B900144576 /* Resources */,
			);
			buildRules = (
			);
			dependencies = (
			);
			fileSystemSynchronizedGroups = (
				DBE918222D2AE3B900144576 /* DiceGame */,
			);
			name = DiceGame;
			packageProductDependencies = (
			);
			productName = DiceGame;
			productReference = DBE918202D2AE3B900144576 /* DiceGame.app */;
			productType = "com.apple.product-type.application";
		};
		DBE9182F2D2AE3BA00144576 /* DiceGameTests */ = {
			isa = PBXNativeTarget;
			buildConfigurationList = DBE918472D2AE3BA00144576 /* Build configuration list for PBXNativeTarget "DiceGameTests" */;
			buildPhases = (
				DBE9182C2D2AE3BA00144576 /* Sources */,
				DBE9182D2D2AE3BA00144576 /* Frameworks */,
				DBE9182E2D2AE3BA00144576 /* Resources */,
			);
			buildRules = (
			);
			dependencies = (
				DBE918322D2AE3BA00144576 /* PBXTargetDependency */,
			);
			fileSystemSynchronizedGroups = (
				DBE918332D2AE3BA00144576 /* DiceGameTests */,
			);
			name = DiceGameTests;
			packageProductDependencies = (
			);
			productName = DiceGameTests;
			productReference = DBE918302D2AE3BA00144576 /* DiceGameTests.xctest */;
			productType = "com.apple.product-type.bundle.unit-test";
		};
		DBE918392D2AE3BA00144576 /* DiceGameUITests */ = {
			isa = PBXNativeTarget;
			buildConfigurationList = DBE9184A2D2AE3BA00144576 /* Build configuration list for PBXNativeTarget "DiceGameUITests" */;
			buildPhases = (
				DBE918362D2AE3BA00144576 /* Sources */,
				DBE918372D2AE3BA00144576 /* Frameworks */,
				DBE918382D2AE3BA00144576 /* Resources */,
			);
			buildRules = (
			);
			dependencies = (
				DBE9183C2D2AE3BA00144576 /* PBXTargetDependency */,
			);
			fileSystemSynchronizedGroups = (
				DBE9183D2D2AE3BA00144576 /* DiceGameUITests */,
			);
			name = DiceGameUITests;
			packageProductDependencies = (
			);
			productName = DiceGameUITests;
			productReference = DBE9183A2D2AE3BA00144576 /* DiceGameUITests.xctest */;
			productType = "com.apple.product-type.bundle.ui-testing";
		};
/* End PBXNativeTarget section */

/* Begin PBXProject section */
		DBE918182D2AE3B900144576 /* Project object */ = {
			isa = PBXProject;
			attributes = {
				BuildIndependentTargetsInParallel = 1;
				LastSwiftUpdateCheck = 1600;
				LastUpgradeCheck = 1600;
				TargetAttributes = {
					DBE9181F2D2AE3B900144576 = {
						CreatedOnToolsVersion = 16.0;
					};
					DBE9182F2D2AE3BA00144576 = {
						CreatedOnToolsVersion = 16.0;
						TestTargetID = DBE9181F2D2AE3B900144576;
					};
					DBE918392D2AE3BA00144576 = {
						CreatedOnToolsVersion = 16.0;
						TestTargetID = DBE9181F2D2AE3B900144576;
					};
				};
			};
			buildConfigurationList = DBE9181B2D2AE3B900144576 /* Build configuration list for PBXProject "DiceGame" */;
			developmentRegion = en;
			hasScannedForEncodings = 0;
			knownRegions = (
				en,
				Base,
			);
			mainGroup = DBE918172D2AE3B900144576;
			minimizedProjectReferenceProxies = 1;
			preferredProjectObjectVersion = 77;
			productRefGroup = DBE918212D2AE3B900144576 /* Products */;
			projectDirPath = "";
			projectRoot = "";
			targets = (
				DBE9181F2D2AE3B900144576 /* DiceGame */,
				DBE9182F2D2AE3BA00144576 /* DiceGameTests */,
				DBE918392D2AE3BA00144576 /* DiceGameUITests */,
			);
		};
/* End PBXProject section */

/* Begin PBXResourcesBuildPhase section */
		DBE9181E2D2AE3B900144576 /* Resources */ = {
			isa = PBXResourcesBuildPhase;
			buildActionMask = 2147483647;
			files = (
			);
			runOnlyForDeploymentPostprocessing = 0;
		};
		DBE9182E2D2AE3BA00144576 /* Resources */ = {
			isa = PBXResourcesBuildPhase;
			buildActionMask = 2147483647;
			files = (
			);
			runOnlyForDeploymentPostprocessing = 0;
		};
		DBE918382D2AE3BA00144576 /* Resources */ = {
			isa = PBXResourcesBuildPhase;
			buildActionMask = 2147483647;
			files = (
			);
			runOnlyForDeploymentPostprocessing = 0;
		};
/* End PBXResourcesBuildPhase section */

/* Begin PBXSourcesBuildPhase section */
		DBE9181C2D2AE3B900144576 /* Sources */ = {
			isa = PBXSourcesBuildPhase;
			buildActionMask = 2147483647;
			files = (
			);
			runOnlyForDeploymentPostprocessing = 0;
		};
		DBE9182C2D2AE3BA00144576 /* Sources */ = {
			isa = PBXSourcesBuildPhase;
			buildActionMask = 2147483647;
			files = (
			);
			runOnlyForDeploymentPostprocessing = 0;
		};
		DBE918362D2AE3BA00144576 /* Sources */ = {
			isa = PBXSourcesBuildPhase;
			buildActionMask = 2147483647;
			files = (
			);
			runOnlyForDeploymentPostprocessing = 0;
		};
/* End PBXSourcesBuildPhase section */

/* Begin PBXTargetDependency section */
		DBE918322D2AE3BA00144576 /* PBXTargetDependency */ = {
			isa = PBXTargetDependency;
			target = DBE9181F2D2AE3B900144576 /* DiceGame */;
			targetProxy = DBE918312D2AE3BA00144576 /* PBXContainerItemProxy */;
		};
		DBE9183C2D2AE3BA00144576 /* PBXTargetDependency */ = {
			isa = PBXTargetDependency;
			target = DBE9181F2D2AE3B900144576 /* DiceGame */;
			targetProxy = DBE9183B2D2AE3BA00144576 /* PBXContainerItemProxy */;
		};
/* End PBXTargetDependency section */

/* Begin XCBuildConfiguration section */
		DBE918422D2AE3BA00144576 /* Debug */ = {
			isa = XCBuildConfiguration;
			buildSettings = {
				ALWAYS_SEARCH_USER_PATHS = NO;
				ASSETCATALOG_COMPILER_GENERATE_SWIFT_ASSET_SYMBOL_EXTENSIONS = YES;
				CLANG_ANALYZER_NONNULL = YES;
				CLANG_ANALYZER_NUMBER_OBJECT_CONVERSION = YES_AGGRESSIVE;
				CLANG_CXX_LANGUAGE_STANDARD = "gnu++20";
				CLANG_ENABLE_MODULES = YES;
				CLANG_ENABLE_OBJC_ARC = YES;
				CLANG_ENABLE_OBJC_WEAK = YES;
				CLANG_WARN_BLOCK_CAPTURE_AUTORELEASING = YES;
				CLANG_WARN_BOOL_CONVERSION = YES;
				CLANG_WARN_COMMA = YES;
				CLANG_WARN_CONSTANT_CONVERSION = YES;
				CLANG_WARN_DEPRECATED_OBJC_IMPLEMENTATIONS = YES;
				CLANG_WARN_DIRECT_OBJC_ISA_USAGE = YES_ERROR;
				CLANG_WARN_DOCUMENTATION_COMMENTS = YES;
				CLANG_WARN_EMPTY_BODY = YES;
				CLANG_WARN_ENUM_CONVERSION = YES;
				CLANG_WARN_INFINITE_RECURSION = YES;
				CLANG_WARN_INT_CONVERSION = YES;
				CLANG_WARN_NON_LITERAL_NULL_CONVERSION = YES;
				CLANG_WARN_OBJC_IMPLICIT_RETAIN_SELF = YES;
				CLANG_WARN_OBJC_LITERAL_CONVERSION = YES;
				CLANG_WARN_OBJC_ROOT_CLASS = YES_ERROR;
				CLANG_WARN_QUOTED_INCLUDE_IN_FRAMEWORK_HEADER = YES;
				CLANG_WARN_RANGE_LOOP_ANALYSIS = YES;
				CLANG_WARN_STRICT_PROTOTYPES = YES;
				CLANG_WARN_SUSPICIOUS_MOVE = YES;
				CLANG_WARN_UNGUARDED_AVAILABILITY = YES_AGGRESSIVE;
				CLANG_WARN_UNREACHABLE_CODE = YES;
				CLANG_WARN__DUPLICATE_METHOD_MATCH = YES;
				COPY_PHASE_STRIP = NO;
				DEBUG_INFORMATION_FORMAT = dwarf;
				ENABLE_STRICT_OBJC_MSGSEND = YES;
				ENABLE_TESTABILITY = YES;
				ENABLE_USER_SCRIPT_SANDBOXING = YES;
				GCC_C_LANGUAGE_STANDARD = gnu17;
				GCC_DYNAMIC_NO_PIC = NO;
				GCC_NO_COMMON_BLOCKS = YES;
				GCC_OPTIMIZATION_LEVEL = 0;
				GCC_PREPROCESSOR_DEFINITIONS = (
					"DEBUG=1",
					"$(inherited)",
				);
				GCC_WARN_64_TO_32_BIT_CONVERSION = YES;
				GCC_WARN_ABOUT_RETURN_TYPE = YES_ERROR;
				GCC_WARN_UNDECLARED_SELECTOR = YES;
				GCC_WARN_UNINITIALIZED_AUTOS = YES_AGGRESSIVE;
				GCC_WARN_UNUSED_FUNCTION = YES;
				GCC_WARN_UNUSED_VARIABLE = YES;
				IPHONEOS_DEPLOYMENT_TARGET = 18.0;
				LOCALIZATION_PREFERS_STRING_CATALOGS = YES;
				MTL_ENABLE_DEBUG_INFO = INCLUDE_SOURCE;
				MTL_FAST_MATH = YES;
				ONLY_ACTIVE_ARCH = YES;
				SDKROOT = iphoneos;
				SWIFT_ACTIVE_COMPILATION_CONDITIONS = "DEBUG $(inherited)";
				SWIFT_OPTIMIZATION_LEVEL = "-Onone";
			};
			name = Debug;
		};
		DBE918432D2AE3BA00144576 /* Release */ = {
			isa = XCBuildConfiguration;
			buildSettings = {
				ALWAYS_SEARCH_USER_PATHS = NO;
				ASSETCATALOG_COMPILER_GENERATE_SWIFT_ASSET_SYMBOL_EXTENSIONS = YES;
				CLANG_ANALYZER_NONNULL = YES;
				CLANG_ANALYZER_NUMBER_OBJECT_CONVERSION = YES_AGGRESSIVE;
				CLANG_CXX_LANGUAGE_STANDARD = "gnu++20";
				CLANG_ENABLE_MODULES = YES;
				CLANG_ENABLE_OBJC_ARC = YES;
				CLANG_ENABLE_OBJC_WEAK = YES;
				CLANG_WARN_BLOCK_CAPTURE_AUTORELEASING = YES;
				CLANG_WARN_BOOL_CONVERSION = YES;
				CLANG_WARN_COMMA = YES;
				CLANG_WARN_CONSTANT_CONVERSION = YES;
				CLANG_WARN_DEPRECATED_OBJC_IMPLEMENTATIONS = YES;
				CLANG_WARN_DIRECT_OBJC_ISA_USAGE = YES_ERROR;
				CLANG_WARN_DOCUMENTATION_COMMENTS = YES;
				CLANG_WARN_EMPTY_BODY = YES;
				CLANG_WARN_ENUM_CONVERSION = YES;
				CLANG_WARN_INFINITE_RECURSION = YES;
				CLANG_WARN_INT_CONVERSION = YES;
				CLANG_WARN_NON_LITERAL_NULL_CONVERSION = YES;
				CLANG_WARN_OBJC_IMPLICIT_RETAIN_SELF = YES;
				CLANG_WARN_OBJC_LITERAL_CONVERSION = YES;
				CLANG_WARN_OBJC_ROOT_CLASS = YES_ERROR;
				CLANG_WARN_QUOTED_INCLUDE_IN_FRAMEWORK_HEADER = YES;
				CLANG_WARN_RANGE_LOOP_ANALYSIS = YES;
				CLANG_WARN_STRICT_PROTOTYPES = YES;
				CLANG_WARN_SUSPICIOUS_MOVE = YES;
				CLANG_WARN_UNGUARDED_AVAILABILITY = YES_AGGRESSIVE;
				CLANG_WARN_UNREACHABLE_CODE = YES;
				CLANG_WARN__DUPLICATE_METHOD_MATCH = YES;
				COPY_PHASE_STRIP = NO;
				DEBUG_INFORMATION_FORMAT = "dwarf-with-dsym";
				ENABLE_NS_ASSERTIONS = NO;
				ENABLE_STRICT_OBJC_MSGSEND = YES;
				ENABLE_USER_SCRIPT_SANDBOXING = YES;
				GCC_C_LANGUAGE_STANDARD = gnu17;
				GCC_NO_COMMON_BLOCKS = YES;
				GCC_WARN_64_TO_32_BIT_CONVERSION = YES;
				GCC_WARN_ABOUT_RETURN_TYPE = YES_ERROR;
				GCC_WARN_UNDECLARED_SELECTOR = YES;
				GCC_WARN_UNINITIALIZED_AUTOS = YES_AGGRESSIVE;
				GCC_WARN_UNUSED_FUNCTION = YES;
				GCC_WARN_UNUSED_VARIABLE = YES;
				IPHONEOS_DEPLOYMENT_TARGET = 18.0;
				LOCALIZATION_PREFERS_STRING_CATALOGS = YES;
				MTL_ENABLE_DEBUG_INFO = NO;
				MTL_FAST_MATH = YES;
				SDKROOT = iphoneos;
				SWIFT_COMPILATION_MODE = wholemodule;
				VALIDATE_PRODUCT = YES;
			};
			name = Release;
		};
		DBE918452D2AE3BA00144576 /* Debug */ = {
			isa = XCBuildConfiguration;
			buildSettings = {
				ASSETCATALOG_COMPILER_APPICON_NAME = AppIcon;
				ASSETCATALOG_COMPILER_GLOBAL_ACCENT_COLOR_NAME = AccentColor;
				CODE_SIGN_STYLE = Automatic;
				CURRENT_PROJECT_VERSION = 1;
				DEVELOPMENT_ASSET_PATHS = "\"DiceGame/Preview Content\"";
				DEVELOPMENT_TEAM = H2HJGXYYBR;
				ENABLE_PREVIEWS = YES;
				GENERATE_INFOPLIST_FILE = YES;
				INFOPLIST_KEY_UIApplicationSceneManifest_Generation = YES;
				INFOPLIST_KEY_UIApplicationSupportsIndirectInputEvents = YES;
				INFOPLIST_KEY_UILaunchScreen_Generation = YES;
				INFOPLIST_KEY_UISupportedInterfaceOrientations_iPad = "UIInterfaceOrientationPortrait UIInterfaceOrientationPortraitUpsideDown UIInterfaceOrientationLandscapeLeft UIInterfaceOrientationLandscapeRight";
				INFOPLIST_KEY_UISupportedInterfaceOrientations_iPhone = "UIInterfaceOrientationPortrait UIInterfaceOrientationLandscapeLeft UIInterfaceOrientationLandscapeRight";
				LD_RUNPATH_SEARCH_PATHS = (
					"$(inherited)",
					"@executable_path/Frameworks",
				);
				MARKETING_VERSION = 1.0;
				PRODUCT_BUNDLE_IDENTIFIER = "Rohit-Company.DiceGame";
				PRODUCT_NAME = "$(TARGET_NAME)";
				SWIFT_EMIT_LOC_STRINGS = YES;
				SWIFT_VERSION = 5.0;
				TARGETED_DEVICE_FAMILY = "1,2";
			};
			name = Debug;
		};
		DBE918462D2AE3BA00144576 /* Release */ = {
			isa = XCBuildConfiguration;
			buildSettings = {
				ASSETCATALOG_COMPILER_APPICON_NAME = AppIcon;
				ASSETCATALOG_COMPILER_GLOBAL_ACCENT_COLOR_NAME = AccentColor;
				CODE_SIGN_STYLE = Automatic;
				CURRENT_PROJECT_VERSION = 1;
				DEVELOPMENT_ASSET_PATHS = "\"DiceGame/Preview Content\"";
				DEVELOPMENT_TEAM = H2HJGXYYBR;
				ENABLE_PREVIEWS = YES;
				GENERATE_INFOPLIST_FILE = YES;
				INFOPLIST_KEY_UIApplicationSceneManifest_Generation = YES;
				INFOPLIST_KEY_UIApplicationSupportsIndirectInputEvents = YES;
				INFOPLIST_KEY_UILaunchScreen_Generation = YES;
				INFOPLIST_KEY_UISupportedInterfaceOrientations_iPad = "UIInterfaceOrientationPortrait UIInterfaceOrientationPortraitUpsideDown UIInterfaceOrientationLandscapeLeft UIInterfaceOrientationLandscapeRight";
				INFOPLIST_KEY_UISupportedInterfaceOrientations_iPhone = "UIInterfaceOrientationPortrait UIInterfaceOrientationLandscapeLeft UIInterfaceOrientationLandscapeRight";
				LD_RUNPATH_SEARCH_PATHS = (
					"$(inherited)",
					"@executable_path/Frameworks",
				);
				MARKETING_VERSION = 1.0;
				PRODUCT_BUNDLE_IDENTIFIER = "Rohit-Company.DiceGame";
				PRODUCT_NAME = "$(TARGET_NAME)";
				SWIFT_EMIT_LOC_STRINGS = YES;
				SWIFT_VERSION = 5.0;
				TARGETED_DEVICE_FAMILY = "1,2";
			};
			name = Release;
		};
		DBE918482D2AE3BA00144576 /* Debug */ = {
			isa = XCBuildConfiguration;
			buildSettings = {
				BUNDLE_LOADER = "$(TEST_HOST)";
				CODE_SIGN_STYLE = Automatic;
				CURRENT_PROJECT_VERSION = 1;
				DEVELOPMENT_TEAM = H2HJGXYYBR;
				GENERATE_INFOPLIST_FILE = YES;
				IPHONEOS_DEPLOYMENT_TARGET = 18.0;
				MARKETING_VERSION = 1.0;
				PRODUCT_BUNDLE_IDENTIFIER = "Rohit-Company.DiceGameTests";
				PRODUCT_NAME = "$(TARGET_NAME)";
				SWIFT_EMIT_LOC_STRINGS = NO;
				SWIFT_VERSION = 5.0;
				TARGETED_DEVICE_FAMILY = "1,2";
				TEST_HOST = "$(BUILT_PRODUCTS_DIR)/DiceGame.app/$(BUNDLE_EXECUTABLE_FOLDER_PATH)/DiceGame";
			};
			name = Debug;
		};
		DBE918492D2AE3BA00144576 /* Release */ = {
			isa = XCBuildConfiguration;
			buildSettings = {
				BUNDLE_LOADER = "$(TEST_HOST)";
				CODE_SIGN_STYLE = Automatic;
				CURRENT_PROJECT_VERSION = 1;
				DEVELOPMENT_TEAM = H2HJGXYYBR;
				GENERATE_INFOPLIST_FILE = YES;
				IPHONEOS_DEPLOYMENT_TARGET = 18.0;
				MARKETING_VERSION = 1.0;
				PRODUCT_BUNDLE_IDENTIFIER = "Rohit-Company.DiceGameTests";
				PRODUCT_NAME = "$(TARGET_NAME)";
				SWIFT_EMIT_LOC_STRINGS = NO;
				SWIFT_VERSION = 5.0;
				TARGETED_DEVICE_FAMILY = "1,2";
				TEST_HOST = "$(BUILT_PRODUCTS_DIR)/DiceGame.app/$(BUNDLE_EXECUTABLE_FOLDER_PATH)/DiceGame";
			};
			name = Release;
		};
		DBE9184B2D2AE3BA00144576 /* Debug */ = {
			isa = XCBuildConfiguration;
			buildSettings = {
				CODE_SIGN_STYLE = Automatic;
				CURRENT_PROJECT_VERSION = 1;
				DEVELOPMENT_TEAM = H2HJGXYYBR;
				GENERATE_INFOPLIST_FILE = YES;
				MARKETING_VERSION = 1.0;
				PRODUCT_BUNDLE_IDENTIFIER = "Rohit-Company.DiceGameUITests";
				PRODUCT_NAME = "$(TARGET_NAME)";
				SWIFT_EMIT_LOC_STRINGS = NO;
				SWIFT_VERSION = 5.0;
				TARGETED_DEVICE_FAMILY = "1,2";
				TEST_TARGET_NAME = DiceGame;
			};
			name = Debug;
		};
		DBE9184C2D2AE3BA00144576 /* Release */ = {
			isa = XCBuildConfiguration;
			buildSettings = {
				CODE_SIGN_STYLE = Automatic;
				CURRENT_PROJECT_VERSION = 1;
				DEVELOPMENT_TEAM = H2HJGXYYBR;
				GENERATE_INFOPLIST_FILE = YES;
				MARKETING_VERSION = 1.0;
				PRODUCT_BUNDLE_IDENTIFIER = "Rohit-Company.DiceGameUITests";
				PRODUCT_NAME = "$(TARGET_NAME)";
				SWIFT_EMIT_LOC_STRINGS = NO;
				SWIFT_VERSION = 5.0;
				TARGETED_DEVICE_FAMILY = "1,2";
				TEST_TARGET_NAME = DiceGame;
			};
			name = Release;
		};
/* End XCBuildConfiguration section */

/* Begin XCConfigurationList section */
		DBE9181B2D2AE3B900144576 /* Build configuration list for PBXProject "DiceGame" */ = {
			isa = XCConfigurationList;
			buildConfigurations = (
				DBE918422D2AE3BA00144576 /* Debug */,
				DBE918432D2AE3BA00144576 /* Release */,
			);
			defaultConfigurationIsVisible = 0;
			defaultConfigurationName = Release;
		};
		DBE918442D2AE3BA00144576 /* Build configuration list for PBXNativeTarget "DiceGame" */ = {
			isa = XCConfigurationList;
			buildConfigurations = (
				DBE918452D2AE3BA00144576 /* Debug */,
				DBE918462D2AE3BA00144576 /* Release */,
			);
			defaultConfigurationIsVisible = 0;
			defaultConfigurationName = Release;
		};
		DBE918472D2AE3BA00144576 /* Build configuration list for PBXNativeTarget "DiceGameTests" */ = {
			isa = XCConfigurationList;
			buildConfigurations = (
				DBE918482D2AE3BA00144576 /* Debug */,
				DBE918492D2AE3BA00144576 /* Release */,
			);
			defaultConfigurationIsVisible = 0;
			defaultConfigurationName = Release;
		};
		DBE9184A2D2AE3BA00144576 /* Build configuration list for PBXNativeTarget "DiceGameUITests" */ = {
			isa = XCConfigurationList;
			buildConfigurations = (
				DBE9184B2D2AE3BA00144576 /* Debug */,
				DBE9184C2D2AE3BA00144576 /* Release */,
			);
			defaultConfigurationIsVisible = 0;
			defaultConfigurationName = Release;
		};
/* End XCConfigurationList section */
	};
	rootObject = DBE918182D2AE3B900144576 /* Project object */;
}
